
Microsoft Visual Studio Solution File, Format Version 12.00
# Visual Studio Version 17
VisualStudioVersion = 17.3.32721.290
MinimumVisualStudioVersion = 10.0.40219.1
Project("{9A19103F-16F7-4668-BE54-9A1E7A4F7556}") = "WebInventoryManagementSystem_IT703_2016012187", "WebInventoryManagementSystem_IT703_2016012187\WebInventoryManagementSystem_IT703_2016012187.csproj", "{3B095161-B29D-4FDF-AD67-F3FDA91C5C8A}"
EndProject
Global
	GlobalSection(SolutionConfigurationPlatforms) = preSolution
		Debug|Any CPU = Debug|Any CPU
		Release|Any CPU = Release|Any CPU
	EndGlobalSection
	GlobalSection(ProjectConfigurationPlatforms) = postSolution
		{3B095161-B29D-4FDF-AD67-F3FDA91C5C8A}.Debug|Any CPU.ActiveCfg = Debug|Any CPU
		{3B095161-B29D-4FDF-AD67-F3FDA91C5C8A}.Debug|Any CPU.Build.0 = Debug|Any CPU
		{3B095161-B29D-4FDF-AD67-F3FDA91C5C8A}.Release|Any CPU.ActiveCfg = Release|Any CPU
		{3B095161-B29D-4FDF-AD67-F3FDA91C5C8A}.Release|Any CPU.Build.0 = Release|Any CPU
	EndGlobalSection
	GlobalSection(SolutionProperties) = preSolution
		HideSolutionNode = FALSE
	EndGlobalSection
	GlobalSection(ExtensibilityGlobals) = postSolution
		SolutionGuid = {E40C9779-5EE7-4B1C-918A-C773FBC50F81}
	EndGlobalSection
EndGlobal
